Microsoft Visual Studio Solution File, Format Version 11.00
# Visual Studio 2008

Project("{10721D3E-E4B8-C50A-7103-D523BFCFAC43}") = "Fireworks", "Assembly-CSharp.csproj", "{B85CC894-C56C-42B5-245C-81AD31B5065B}"
EndProject
Global
	GlobalSection(SolutionConfigurationPlatforms) = preSolution
		Debug|Any CPU = Debug|Any CPU
		Release|Any CPU = Release|Any CPU
	EndGlobalSection
	GlobalSection(ProjectConfigurationPlatforms) = postSolution
		{B85CC894-C56C-42B5-245C-81AD31B5065B}.Debug|Any CPU.ActiveCfg = Debug|Any CPU
		{B85CC894-C56C-42B5-245C-81AD31B5065B}.Debug|Any CPU.Build.0 = Debug|Any CPU
		{B85CC894-C56C-42B5-245C-81AD31B5065B}.Release|Any CPU.ActiveCfg = Release|Any CPU
		{B85CC894-C56C-42B5-245C-81AD31B5065B}.Release|Any CPU.Build.0 = Release|Any CPU
	EndGlobalSection
	GlobalSection(SolutionProperties) = preSolution
		HideSolutionNode = FALSE
	EndGlobalSection
	GlobalSection(MonoDevelopProperties) = preSolution
		StartupItem = Assembly-CSharp.csproj
	EndGlobalSection
EndGlobal
